[[package]]
name = "aiohttp"
version = "2.3.1"
description = "Async http client/server framework (asyncio)"
category = "dev"
optional = false
python-versions = "*"

[package.dependencies]
async-timeout = ">=1.2.0"
chardet = "*"
multidict = ">=3.0.0"
yarl = ">=0.11"

[[package]]
name = "async-timeout"
version = "2.0.1"
description = "Timeout context manager for asyncio programs"
category = "dev"
optional = false
python-versions = "*"

[[package]]
name = "atomicwrites"
version = "1.4.0"
description = "Atomic file writes."
category = "dev"
optional = false
python-versions = ">=2.7, !=3.0.*, !=3.1.*, !=3.2.*, !=3.3.*"

[[package]]
name = "attrs"
version = "20.3.0"
description = "Classes Without Boilerplate"
category = "dev"
optional = false
python-versions = ">=2.7, !=3.0.*, !=3.1.*, !=3.2.*, !=3.3.*"

[package.extras]
dev = ["coverage[toml] (>=5.0.2)", "hypothesis", "pympler", "pytest (>=4.3.0)", "six", "zope.interface", "furo", "sphinx", "pre-commit"]
docs = ["furo", "sphinx", "zope.interface"]
tests = ["coverage[toml] (>=5.0.2)", "hypothesis", "pympler", "pytest (>=4.3.0)", "six", "zope.interface"]
tests_no_zope = ["coverage[toml] (>=5.0.2)", "hypothesis", "pympler", "pytest (>=4.3.0)", "six"]

[[package]]
name = "cerberus"
version = "1.3.2"
description = "Lightweight, extensible schema and data validation tool for Python dictionaries."
category = "dev"
optional = false
python-versions = ">=2.7"

[[package]]
name = "certifi"
version = "2020.12.5"
description = "Python package for providing Mozilla's CA Bundle."
category = "dev"
optional = false
python-versions = "*"

[[package]]
name = "chardet"
version = "4.0.0"
description = "Universal encoding detector for Python 2 and 3"
category = "dev"
optional = false
python-versions = ">=2.7, !=3.0.*, !=3.1.*, !=3.2.*, !=3.3.*, !=3.4.*"

[[package]]
name = "colorama"
version = "0.4.4"
description = "Cross-platform colored terminal text."
category = "dev"
optional = false
python-versions = ">=2.7, !=3.0.*, !=3.1.*, !=3.2.*, !=3.3.*, !=3.4.*"

[[package]]
name = "dephell"
version = "0.8.3"
description = "Dependency resolution for Python"
category = "dev"
optional = false
python-versions = ">=3.6"

[package.dependencies]
aiohttp = "*"
attrs = ">=19.2.0"
cerberus = ">=1.3"
certifi = "*"
dephell-archive = ">=0.1.5"
dephell-argparse = ">=0.1.1"
dephell-changelogs = "*"
dephell-discover = ">=0.2.6"
dephell-licenses = ">=0.1.6"
dephell-links = ">=0.1.4"
dephell-markers = ">=1.0.0"
dephell-pythons = ">=0.1.11"
dephell-setuptools = ">=0.2.1"
dephell-shells = ">=0.1.3"
dephell-specifier = ">=0.1.7"
dephell-venvs = ">=0.1.16"
dephell-versioning = "*"
jinja2 = "*"
m2r = "*"
packaging = "*"
requests = "*"
"ruamel.yaml" = "*"
tomlkit = "*"
yaspin = "*"

[package.extras]
full = ["aiofiles", "appdirs", "autopep8", "bowler", "colorama", "docker", "dockerpty", "fissix", "graphviz", "html5lib", "pygments", "python-gnupg", "tabulate", "yapf"]
tests = ["aioresponses", "pytest", "requests-mock"]
dev = ["aioresponses", "alabaster", "flake8-isort", "isort", "pygments-github-lexers", "pytest", "recommonmark", "requests-mock", "sphinx"]
docs = ["alabaster", "pygments-github-lexers", "recommonmark", "sphinx"]

[[package]]
name = "dephell-archive"
version = "0.1.7"
description = "pathlib for archives"
category = "dev"
optional = false
python-versions = ">=3.6"

[package.dependencies]
attrs = "*"

[[package]]
name = "dephell-argparse"
version = "0.1.3"
description = "Argparse on steroids: groups, commands, colors."
category = "dev"
optional = false
python-versions = ">=3.5"

[[package]]
name = "dephell-changelogs"
version = "0.0.1"
description = "Find changelog for github repository, local dir, parse changelog"
category = "dev"
optional = false
python-versions = ">=3.5"

[package.dependencies]
requests = "*"

[package.extras]
dev = ["pytest", "pytest-xdist"]

[[package]]
name = "dephell-discover"
version = "0.2.10"
description = "Find project modules and data files (packages and package_data for setup.py)."
category = "dev"
optional = false
python-versions = ">=3.5"

[package.dependencies]
attrs = "*"

[[package]]
name = "dephell-licenses"
version = "0.1.7"
description = "Get info about OSS licenses"
category = "dev"
optional = false
python-versions = ">=3.5"

[package.dependencies]
attrs = "*"
requests = "*"

[[package]]
name = "dephell-links"
version = "0.1.5"
description = "Parse dependency links"
category = "dev"
optional = false
python-versions = ">=3.5"

[package.dependencies]
attrs = "*"

[[package]]
name = "dephell-markers"
version = "1.0.3"
description = "Work with environment markers (PEP-496)"
category = "dev"
optional = false
python-versions = ">=3.5"

[package.dependencies]
attrs = "*"
dephell-specifier = "*"
packaging = "*"

[[package]]
name = "dephell-pythons"
version = "0.1.15"
description = "Work with python versions"
category = "dev"
optional = false
python-versions = ">=3.6"

[package.dependencies]
attrs = "*"
dephell-specifier = "*"
packaging = "*"

[[package]]
name = "dephell-setuptools"
version = "0.2.4"
description = "Read metainfo from setup.py"
category = "dev"
optional = false
python-versions = ">=3.5"

[package.extras]
dev = ["mypy", "pkginfo", "pytest"]

[[package]]
name = "dephell-shells"
version = "0.1.5"
description = "activate virtual environment for current shell"
category = "dev"
optional = false
python-versions = ">=3.6"

[package.dependencies]
attrs = "*"
pexpect = "*"
shellingham = "*"

[[package]]
name = "dephell-specifier"
version = "0.2.2"
description = "Work with version specifiers."
category = "dev"
optional = false
python-versions = ">=3.6"

[package.dependencies]
packaging = ">=17.1"

[[package]]
name = "dephell-venvs"
version = "0.1.18"
description = "Manage virtual environments"
category = "dev"
optional = false
python-versions = ">=3.5"

[package.dependencies]
attrs = "*"
dephell-pythons = "*"
requests = "*"

[[package]]
name = "dephell-versioning"
version = "0.1.2"
description = "Library for bumping project version like a pro"
category = "dev"
optional = false
python-versions = ">=3.6"

[package.dependencies]
packaging = "*"

[[package]]
name = "docutils"
version = "0.16"
description = "Docutils -- Python Documentation Utilities"
category = "dev"
optional = false
python-versions = ">=2.7, !=3.0.*, !=3.1.*, !=3.2.*, !=3.3.*, !=3.4.*"

[[package]]
name = "enum34"
version = "1.1.10"
description = "Python 3.4 Enum backported to 3.3, 3.2, 3.1, 2.7, 2.6, 2.5, and 2.4"
category = "dev"
optional = false
python-versions = "*"

[[package]]
name = "functools32"
version = "3.2.3-2"
description = "Backport of the functools module from Python 3.2.3 for use on 2.7 and PyPy."
category = "dev"
optional = false
python-versions = "*"

[[package]]
name = "idna"
version = "2.10"
description = "Internationalized Domain Names in Applications (IDNA)"
category = "dev"
optional = false
python-versions = ">=2.7, !=3.0.*, !=3.1.*, !=3.2.*, !=3.3.*"

[[package]]
name = "importlib-metadata"
version = "3.4.0"
description = "Read metadata from Python packages"
category = "dev"
optional = false
python-versions = ">=3.6"

[package.dependencies]
typing-extensions = {version = ">=3.6.4", markers = "python_version < \"3.8\""}
zipp = ">=0.5"

[package.extras]
docs = ["sphinx", "jaraco.packaging (>=8.2)", "rst.linker (>=1.9)"]
testing = ["pytest (>=3.5,!=3.7.3)", "pytest-checkdocs (>=1.2.3)", "pytest-flake8", "pytest-cov", "pytest-enabler", "packaging", "pep517", "pyfakefs", "flufl.flake8", "pytest-black (>=0.3.7)", "pytest-mypy", "importlib-resources (>=1.3)"]

[[package]]
name = "iniconfig"
version = "1.1.1"
description = "iniconfig: brain-dead simple config-ini parsing"
category = "dev"
optional = false
python-versions = "*"

[[package]]
name = "jinja2"
version = "2.11.3"
description = "A very fast and expressive template engine."
category = "dev"
optional = false
python-versions = ">=2.7, !=3.0.*, !=3.1.*, !=3.2.*, !=3.3.*, !=3.4.*"

[package.dependencies]
MarkupSafe = ">=0.23"

[package.extras]
i18n = ["Babel (>=0.8)"]

[[package]]
name = "m2r"
version = "0.2.1"
description = "Markdown and reStructuredText in a single file."
category = "dev"
optional = false
python-versions = "*"

[package.dependencies]
docutils = "*"
mistune = "*"

[[package]]
name = "markupsafe"
version = "1.1.1"
description = "Safely add untrusted strings to HTML/XML markup."
category = "dev"
optional = false
python-versions = ">=2.7,!=3.0.*,!=3.1.*,!=3.2.*,!=3.3.*"

[[package]]
name = "mistune"
version = "0.8.4"
description = "The fastest markdown parser in pure Python"
category = "dev"
optional = false
python-versions = "*"

[[package]]
name = "multidict"
version = "3.3.1"
description = "multidict implementation"
category = "dev"
optional = false
python-versions = "*"

[[package]]
name = "packaging"
version = "20.9"
description = "Core utilities for Python packages"
category = "dev"
optional = false
python-versions = ">=2.7, !=3.0.*, !=3.1.*, !=3.2.*, !=3.3.*"

[package.dependencies]
pyparsing = ">=2.0.2"

[[package]]
name = "pexpect"
version = "4.8.0"
description = "Pexpect allows easy control of interactive console applications."
category = "dev"
optional = false
python-versions = "*"

[package.dependencies]
ptyprocess = ">=0.5"

[[package]]
name = "pluggy"
version = "0.13.1"
description = "plugin and hook calling mechanisms for python"
category = "dev"
optional = false
python-versions = ">=2.7, !=3.0.*, !=3.1.*, !=3.2.*, !=3.3.*"

[package.dependencies]
importlib-metadata = {version = ">=0.12", markers = "python_version < \"3.8\""}

[package.extras]
dev = ["pre-commit", "tox"]

[[package]]
name = "ptyprocess"
version = "0.7.0"
description = "Run a subprocess in a pseudo terminal"
category = "dev"
optional = false
python-versions = "*"

[[package]]
name = "py"
version = "1.10.0"
description = "library with cross-python path, ini-parsing, io, code, log facilities"
category = "dev"
optional = false
python-versions = ">=2.7, !=3.0.*, !=3.1.*, !=3.2.*, !=3.3.*"

[[package]]
name = "py2-ipaddress"
version = "3.4.2"
description = "Python 2.6 backport of 3.4's ipaddress module"
category = "main"
optional = false
python-versions = "*"

[[package]]
name = "pyparsing"
version = "2.4.7"
description = "Python parsing module"
category = "dev"
optional = false
python-versions = ">=2.6, !=3.0.*, !=3.1.*, !=3.2.*"

[[package]]
name = "pyroute2"
version = "0.5.14"
description = "Python Netlink library"
category = "main"
optional = false
python-versions = "*"

[package.dependencies]
win_inet_pton = {version = "*", markers = "platform_system == \"Windows\""}

[package.extras]
ss2 = ["psutil (>=5.0,<6.0)"]

[[package]]
name = "pytest"
version = "6.2.2"
description = "pytest: simple powerful testing with Python"
category = "dev"
optional = false
python-versions = ">=3.6"

[package.dependencies]
atomicwrites = {version = ">=1.0", markers = "sys_platform == \"win32\""}
attrs = ">=19.2.0"
colorama = {version = "*", markers = "sys_platform == \"win32\""}
importlib-metadata = {version = ">=0.12", markers = "python_version < \"3.8\""}
iniconfig = "*"
packaging = "*"
pluggy = ">=0.12,<1.0.0a1"
py = ">=1.8.2"
toml = "*"

[package.extras]
testing = ["argcomplete", "hypothesis (>=3.56)", "mock", "nose", "requests", "xmlschema"]

[[package]]
name = "requests"
version = "2.25.1"
description = "Python HTTP for Humans."
category = "dev"
optional = false
python-versions = ">=2.7, !=3.0.*, !=3.1.*, !=3.2.*, !=3.3.*, !=3.4.*"

[package.dependencies]
certifi = ">=2017.4.17"
chardet = ">=3.0.2,<5"
idna = ">=2.5,<3"
urllib3 = ">=1.21.1,<1.27"

[package.extras]
security = ["pyOpenSSL (>=0.14)", "cryptography (>=1.3.4)"]
socks = ["PySocks (>=1.5.6,!=1.5.7)", "win-inet-pton"]

[[package]]
name = "ruamel.ordereddict"
version = "0.4.15"
description = "a version of dict that keeps keys in insertion resp. sorted order"
category = "dev"
optional = false
python-versions = "*"

[[package]]
name = "ruamel.yaml"
version = "0.16.12"
description = "ruamel.yaml is a YAML parser/emitter that supports roundtrip preservation of comments, seq/map flow style, and map key order"
category = "dev"
optional = false
python-versions = "*"

[package.dependencies]
"ruamel.ordereddict" = {version = "*", markers = "platform_python_implementation == \"CPython\" and python_version <= \"2.7\""}
"ruamel.yaml.clib" = {version = ">=0.1.2", markers = "platform_python_implementation == \"CPython\" and python_version < \"3.9\""}

[package.extras]
docs = ["ryd"]
jinja2 = ["ruamel.yaml.jinja2 (>=0.2)"]

[[package]]
name = "ruamel.yaml.clib"
version = "0.2.2"
description = "C version of reader, parser and emitter for ruamel.yaml derived from libyaml"
category = "dev"
optional = false
python-versions = "*"

[[package]]
name = "shellingham"
version = "1.4.0"
description = "Tool to Detect Surrounding Shell"
category = "dev"
optional = false
python-versions = "!=3.0,!=3.1,!=3.2,!=3.3,>=2.6"

[[package]]
name = "toml"
version = "0.10.2"
description = "Python Library for Tom's Obvious, Minimal Language"
category = "dev"
optional = false
python-versions = ">=2.6, !=3.0.*, !=3.1.*, !=3.2.*"

[[package]]
name = "tomlkit"
version = "0.7.0"
description = "Style preserving TOML library"
category = "dev"
optional = false
python-versions = ">=2.7, !=3.0.*, !=3.1.*, !=3.2.*, !=3.3.*, !=3.4.*"

[package.dependencies]
enum34 = {version = ">=1.1,<2.0", markers = "python_version >= \"2.7\" and python_version < \"2.8\""}
functools32 = {version = ">=3.2.3,<4.0.0", markers = "python_version >= \"2.7\" and python_version < \"2.8\""}
typing = {version = ">=3.6,<4.0", markers = "python_version >= \"2.7\" and python_version < \"2.8\" or python_version >= \"3.4\" and python_version < \"3.5\""}

[[package]]
name = "typing"
version = "3.7.4.3"
description = "Type Hints for Python"
category = "dev"
optional = false
python-versions = ">=2.7, !=3.0.*, !=3.1.*, !=3.2.*, !=3.3.*"

[[package]]
name = "typing-extensions"
version = "3.7.4.3"
description = "Backported and Experimental Type Hints for Python 3.5+"
category = "dev"
optional = false
python-versions = "*"

[package.dependencies]
typing = {version = ">=3.7.4", markers = "python_version < \"3.5\""}

[[package]]
name = "urllib3"
version = "1.22"
description = "HTTP library with thread-safe connection pooling, file post, and more."
category = "dev"
optional = false
python-versions = "*"

[package.extras]
secure = ["pyOpenSSL (>=0.14)", "cryptography (>=1.3.4)", "idna (>=2.0.0)", "certifi", "ipaddress"]
socks = ["PySocks (>=1.5.6,!=1.5.7,<2.0)"]

[[package]]
name = "win-inet-pton"
version = "1.1.0"
description = "Native inet_pton and inet_ntop implementation for Python on Windows (with ctypes)."
category = "main"
optional = false
python-versions = "*"

[[package]]
name = "yarl"
version = "0.18.0"
description = "Yet another URL library"
category = "dev"
optional = false
python-versions = "*"

[package.dependencies]
idna = ">=2.0"
multidict = ">=2.0"

[[package]]
name = "yaspin"
version = "1.3.0"
description = "Yet Another Terminal Spinner"
category = "dev"
optional = false
python-versions = ">=2.7, !=3.0.*, !=3.1.*, !=3.2.*, !=3.3.*, !=3.4.*"

[[package]]
name = "zipp"
version = "3.4.0"
description = "Backport of pathlib-compatible object wrapper for zip files"
category = "dev"
optional = false
python-versions = ">=3.6"

[package.extras]
docs = ["sphinx", "jaraco.packaging (>=3.2)", "rst.linker (>=1.9)"]
testing = ["pytest (>=3.5,!=3.7.3)", "pytest-checkdocs (>=1.2.3)", "pytest-flake8", "pytest-cov", "jaraco.test (>=3.2.0)", "jaraco.itertools", "func-timeout", "pytest-black (>=0.3.7)", "pytest-mypy"]

[metadata]
lock-version = "1.1"
python-versions = "^2.7 || ^3.6"
content-hash = "64cc3b993ee9066a8f80199739687cb6545762c164648c3491ee12e0b0cc06ba"

[metadata.files]
aiohttp = [
    {file = "aiohttp-2.3.1-cp34-cp34m-macosx_10_10_x86_64.whl", hash = "sha256:078e1b47799c04ebf2847da5dd64481aea51c358b3546aa52a30ebb142036f93"},
    {file = "aiohttp-2.3.1-cp34-cp34m-macosx_10_11_x86_64.whl", hash = "sha256:6b3a04457ef7477456719179b558dbe74a604c5f1381c31a8609e21c7d769ff0"},
    {file = "aiohttp-2.3.1-cp34-cp34m-macosx_10_12_x86_64.whl", hash = "sha256:2345cd90aad4a9670edc76930a1b19d7771138c2f711093eb4a1e7fbda55486b"},
    {file = "aiohttp-2.3.1-cp34-cp34m-manylinux1_i686.whl", hash = "sha256:3a21dac27dd56c5087b7380ca81544f84b2600b18df07ccecd53fb4c3f50b29c"},
    {file = "aiohttp-2.3.1-cp34-cp34m-manylinux1_x86_64.whl", hash = "sha256:cf89f42dcdf8c31f0ec69c674afaf16511cb8d7c76067aab0642bd521c88bda5"},
    {file = "aiohttp-2.3.1-cp34-cp34m-win32.whl", hash = "sha256:9ed7dcd2c4e930c2af5d1cc270e97fcd90af73f0936fd9513d4165f2c9bb6a3e"},
    {file = "aiohttp-2.3.1-cp34-cp34m-win_amd64.whl", hash = "sha256:892881fdba7a2b8a8f5da8f74d36e7280043b6373f9194dddae1a6ad55f09bbb"},
    {file = "aiohttp-2.3.1-cp35-cp35m-macosx_10_10_x86_64.whl", hash = "sha256:cd004e4fef3c8737ab15b296ea639a1b4f4bc4e18f9f0d8eb9bfed9425d2eb71"},
    {file = "aiohttp-2.3.1-cp35-cp35m-macosx_10_11_x86_64.whl", hash = "sha256:d81a711c888399511f76e3b3fc6473e9c467e0978d1c03e315d92bfd0cf1b817"},
    {file = "aiohttp-2.3.1-cp35-cp35m-macosx_10_12_x86_64.whl", hash = "sha256:f2dd961ab8e7033bb966458eaa4707338ec1ec41b553bbdc61920f3746c06a52"},
    {file = "aiohttp-2.3.1-cp35-cp35m-manylinux1_i686.whl", hash = "sha256:b34ef58ef0dfb3db17b9261904849ecbf2f2376ec6e1dbc25b282612d0446651"},
    {file = "aiohttp-2.3.1-cp35-cp35m-manylinux1_x86_64.whl", hash = "sha256:29d215f084b743ccbd19fb575cbd3eff1357c7611e0a8a22093e348f2227848a"},
    {file = "aiohttp-2.3.1-cp35-cp35m-win32.whl", hash = "sha256:bce9f418782789757537657010b2d7b2a7fb5a8171eff206531f248c41617e32"},
    {file = "aiohttp-2.3.1-cp35-cp35m-win_amd64.whl", hash = "sha256:ed795ac9548747b04eaf04f6bf4589341556f93aad9ae0016e42f9a47d0e2ffa"},
    {file = "aiohttp-2.3.1-cp36-cp36m-macosx_10_10_x86_64.whl", hash = "sha256:d90b33372b12aecdd62ca83b00f384dd5e7f29d1c613ad89d0861515e633a2eb"},
    {file = "aiohttp-2.3.1-cp36-cp36m-macosx_10_11_x86_64.whl", hash = "sha256:5f7a6bf226b7a3ac9bb7c08ba3fe2e8a5418fd9472e5099f275d8258055bbc2a"},
    {file = "aiohttp-2.3.1-cp36-cp36m-macosx_10_12_x86_64.whl", hash = "sha256:900584dbf8abe851007f155ab9d52466bd6f281cc749f43f86b8f9c1adf3e4e3"},
    {file = "aiohttp-2.3.1-cp36-cp36m-manylinux1_i686.whl", hash = "sha256:daf8d56b9c7b5ca553ed23c5559a9489d5acb919c20321ccf8145822fc9dc366"},
    {file = "aiohttp-2.3.1-cp36-cp36m-manylinux1_x86_64.whl", hash = "sha256:f5266fce1990a289c7caa092c6e60d9c5162fa204c338748e5164e67c3a77e4b"},
    {file = "aiohttp-2.3.1-cp36-cp36m-win32.whl", hash = "sha256:14aba6a4c9d3bfcd570c43c7b203837e426459d0e1df5525d50cfb17c1a70bc0"},
    {file = "aiohttp-2.3.1-cp36-cp36m-win_amd64.whl", hash = "sha256:6ad91bc57d89c0a4e66a74fdc29b9805bed32b21ba7e2e1b4f51bda68fe264eb"},
    {file = "aiohttp-2.3.1.tar.gz", hash = "sha256:04f58bbcc9ae6f9aec30b9219ae47fa3c31586c77679405720545738ea62236e"},
]
async-timeout = [
    {file = "async-timeout-2.0.1.tar.gz", hash = "sha256:00cff4d2dce744607335cba84e9929c3165632da2d27970dbc55802a0c7873d0"},
    {file = "async_timeout-2.0.1-py3-none-any.whl", hash = "sha256:9093db5b8ddbe4b8f6885d1a6e0ad84ae3155464cbf6877c387605244c285f3c"},
]
atomicwrites = [
    {file = "atomicwrites-1.4.0-py2.py3-none-any.whl", hash = "sha256:6d1784dea7c0c8d4a5172b6c620f40b6e4cbfdf96d783691f2e1302a7b88e197"},
    {file = "atomicwrites-1.4.0.tar.gz", hash = "sha256:ae70396ad1a434f9c7046fd2dd196fc04b12f9e91ffb859164193be8b6168a7a"},
]
attrs = [
    {file = "attrs-20.3.0-py2.py3-none-any.whl", hash = "sha256:31b2eced602aa8423c2aea9c76a724617ed67cf9513173fd3a4f03e3a929c7e6"},
    {file = "attrs-20.3.0.tar.gz", hash = "sha256:832aa3cde19744e49938b91fea06d69ecb9e649c93ba974535d08ad92164f700"},
]
cerberus = [
    {file = "Cerberus-1.3.2.tar.gz", hash = "sha256:302e6694f206dd85cb63f13fd5025b31ab6d38c99c50c6d769f8fa0b0f299589"},
]
certifi = [
    {file = "certifi-2020.12.5-py2.py3-none-any.whl", hash = "sha256:719a74fb9e33b9bd44cc7f3a8d94bc35e4049deebe19ba7d8e108280cfd59830"},
    {file = "certifi-2020.12.5.tar.gz", hash = "sha256:1a4995114262bffbc2413b159f2a1a480c969de6e6eb13ee966d470af86af59c"},
]
chardet = [
    {file = "chardet-4.0.0-py2.py3-none-any.whl", hash = "sha256:f864054d66fd9118f2e67044ac8981a54775ec5b67aed0441892edb553d21da5"},
    {file = "chardet-4.0.0.tar.gz", hash = "sha256:0d6f53a15db4120f2b08c94f11e7d93d2c911ee118b6b30a04ec3ee8310179fa"},
]
colorama = [
    {file = "colorama-0.4.4-py2.py3-none-any.whl", hash = "sha256:9f47eda37229f68eee03b24b9748937c7dc3868f906e8ba69fbcbdd3bc5dc3e2"},
    {file = "colorama-0.4.4.tar.gz", hash = "sha256:5941b2b48a20143d2267e95b1c2a7603ce057ee39fd88e7329b0c292aa16869b"},
]
dephell = [
    {file = "dephell-0.8.3-py3-none-any.whl", hash = "sha256:3ca3661e2a353b5c67c77034b69b379e360d4c70ce562e8161db32d39064be5a"},
    {file = "dephell-0.8.3.tar.gz", hash = "sha256:a9fcc528a0c6f9f5d721292bdf846e5338e4dca7cd6fef1551fbe71564dfe61e"},
]
dephell-archive = [
    {file = "dephell-archive-0.1.7.tar.gz", hash = "sha256:bb263492a7d430f9e04cef9a0237b7752cc797ab364bf35e70196af09c73ea37"},
    {file = "dephell_archive-0.1.7-py3-none-any.whl", hash = "sha256:64a688dd8acb780f7d56cdae4622fa01d1e5910fd65788974b3f70fa9a1e517a"},
]
dephell-argparse = [
    {file = "dephell_argparse-0.1.3-py3-none-any.whl", hash = "sha256:e37a52c511b53e9d6107b606088664754b4b4d9e734578b333e68c46e4ab45b7"},
    {file = "dephell_argparse-0.1.3.tar.gz", hash = "sha256:2ab9b2441f808bb11c338c4849d22ded898cde8325946800ac9e39d2b138735d"},
]
dephell-changelogs = [
    {file = "dephell_changelogs-0.0.1-py3-none-any.whl", hash = "sha256:963d31346790a3aacc3409bbc7cb0b44cdc0e29c167eec196fb49a131c3035b8"},
    {file = "dephell_changelogs-0.0.1.tar.gz", hash = "sha256:e639a3d08d389e22fbac0cc64181dbe93c4b4ba9f0134e273e6dd3e26ae70b21"},
]
dephell-discover = [
    {file = "dephell_discover-0.2.10-py3-none-any.whl", hash = "sha256:abf190e9707d4a88f14e91be1f80e996e195b20b5400da2362e98cf19e59a1e4"},
    {file = "dephell_discover-0.2.10.tar.gz", hash = "sha256:a2ad414e5e0fe16c82c537d6a3198afd9818c0c010760eccb23e2d60e5b66df6"},
]
dephell-licenses = [
    {file = "dephell-licenses-0.1.7.tar.gz", hash = "sha256:f175cec822a32bda5b56442f48dae39efbb5c3851275ecd41cfd7e849ddd2ea6"},
    {file = "dephell_licenses-0.1.7-py3-none-any.whl", hash = "sha256:b0b6c93779c4a8d9a82710ef2d5d0fab72e013f335962dc7363831af48570db5"},
]
dephell-links = [
    {file = "dephell_links-0.1.5-py3-none-any.whl", hash = "sha256:a86a08fb42da63d903ae3fee9f9e2491be602321204c0df5b53e33cb19ac4dec"},
    {file = "dephell_links-0.1.5.tar.gz", hash = "sha256:28d694142e2827a59d2c301e7185afb52fb8acdb950b1da38308d69e43418eaa"},
]
dephell-markers = [
    {file = "dephell_markers-1.0.3-py3-none-any.whl", hash = "sha256:54ad6807b087d6c9171efc2d94eda3a9e3cad7ea2ca4b27186789d455a6c730a"},
    {file = "dephell_markers-1.0.3.tar.gz", hash = "sha256:525e17914e705acf8652dd8681fccdec912432a747d8def4720f49416817f2d4"},
]
dephell-pythons = [
    {file = "dephell_pythons-0.1.15-py3-none-any.whl", hash = "sha256:03132d083d0369683b87d03767dc0f0f88b8d92d5cf19cfdb36d8845b70ecdb2"},
    {file = "dephell_pythons-0.1.15.tar.gz", hash = "sha256:804c29afa2147322aa23e791f591d0204fd1e9983afa7d91e1d1452fc7be1c5c"},
]
dephell-setuptools = [
    {file = "dephell_setuptools-0.2.4-py3-none-any.whl", hash = "sha256:275f9bec4b276614939ac9efa732a0ae6aef06ae63e3b62371d0f15a19299208"},
    {file = "dephell_setuptools-0.2.4.tar.gz", hash = "sha256:663629e1ebf7b20bf7e372ee2a2e7ebf1a15aeb3bc6d46ad32e1bcb21044ca29"},
]
dephell-shells = [
    {file = "dephell_shells-0.1.5-py3-none-any.whl", hash = "sha256:3bdb8aba72640c51259dc5cb0ee40c4cd948cb644e5ceedd7e725766575a5225"},
    {file = "dephell_shells-0.1.5.tar.gz", hash = "sha256:77150b732db135d436f41c2c6f12694e6058a8609214117ee80f6c40234ac2d5"},
]
dephell-specifier = [
    {file = "dephell_specifier-0.2.2-py3-none-any.whl", hash = "sha256:021ad2ab3f3f130b5ac5cefa554c12f0e2dbb35d5d52ad9474a1f2c8b420f7c2"},
    {file = "dephell_specifier-0.2.2.tar.gz", hash = "sha256:b5ec6409a1916980c4861da2cb7538246555bff4b95bef2c952c56bd19eb2de6"},
]
dephell-venvs = [
    {file = "dephell_venvs-0.1.18-py3-none-any.whl", hash = "sha256:bd3ad440702aa9a9dc21bbab9633537fa395296d40451280d40046d9e3372e6d"},
    {file = "dephell_venvs-0.1.18.tar.gz", hash = "sha256:c7307291b754edba325ab27edeb05d85ee4dd2f1487c48872a1ebfc372bf7a2e"},
]
dephell-versioning = [
    {file = "dephell_versioning-0.1.2-py3-none-any.whl", hash = "sha256:28f611bd3ec1644e3d6972f901b9aa67a1fe2ed3fe57566f82afd9c43f5a335a"},
    {file = "dephell_versioning-0.1.2.tar.gz", hash = "sha256:9ba7636704af7bd64af5a64ab8efb482c8b0bf4868699722f5e2647763edf8e5"},
]
docutils = [
    {file = "docutils-0.16-py2.py3-none-any.whl", hash = "sha256:0c5b78adfbf7762415433f5515cd5c9e762339e23369dbe8000d84a4bf4ab3af"},
    {file = "docutils-0.16.tar.gz", hash = "sha256:c2de3a60e9e7d07be26b7f2b00ca0309c207e06c100f9cc2a94931fc75a478fc"},
]
enum34 = [
    {file = "enum34-1.1.10-py2-none-any.whl", hash = "sha256:a98a201d6de3f2ab3db284e70a33b0f896fbf35f8086594e8c9e74b909058d53"},
    {file = "enum34-1.1.10-py3-none-any.whl", hash = "sha256:c3858660960c984d6ab0ebad691265180da2b43f07e061c0f8dca9ef3cffd328"},
    {file = "enum34-1.1.10.tar.gz", hash = "sha256:cce6a7477ed816bd2542d03d53db9f0db935dd013b70f336a95c73979289f248"},
]
functools32 = [
    {file = "functools32-3.2.3-2.tar.gz", hash = "sha256:f6253dfbe0538ad2e387bd8fdfd9293c925d63553f5813c4e587745416501e6d"},
    {file = "functools32-3.2.3-2.zip", hash = "sha256:89d824aa6c358c421a234d7f9ee0bd75933a67c29588ce50aaa3acdf4d403fa0"},
]
idna = [
    {file = "idna-2.10-py2.py3-none-any.whl", hash = "sha256:b97d804b1e9b523befed77c48dacec60e6dcb0b5391d57af6a65a312a90648c0"},
    {file = "idna-2.10.tar.gz", hash = "sha256:b307872f855b18632ce0c21c5e45be78c0ea7ae4c15c828c20788b26921eb3f6"},
]
importlib-metadata = [
    {file = "importlib_metadata-3.4.0-py3-none-any.whl", hash = "sha256:ace61d5fc652dc280e7b6b4ff732a9c2d40db2c0f92bc6cb74e07b73d53a1771"},
    {file = "importlib_metadata-3.4.0.tar.gz", hash = "sha256:fa5daa4477a7414ae34e95942e4dd07f62adf589143c875c133c1e53c4eff38d"},
]
iniconfig = [
    {file = "iniconfig-1.1.1-py2.py3-none-any.whl", hash = "sha256:011e24c64b7f47f6ebd835bb12a743f2fbe9a26d4cecaa7f53bc4f35ee9da8b3"},
    {file = "iniconfig-1.1.1.tar.gz", hash = "sha256:bc3af051d7d14b2ee5ef9969666def0cd1a000e121eaea580d4a313df4b37f32"},
]
jinja2 = [
    {file = "Jinja2-2.11.3-py2.py3-none-any.whl", hash = "sha256:03e47ad063331dd6a3f04a43eddca8a966a26ba0c5b7207a9a9e4e08f1b29419"},
    {file = "Jinja2-2.11.3.tar.gz", hash = "sha256:a6d58433de0ae800347cab1fa3043cebbabe8baa9d29e668f1c768cb87a333c6"},
]
m2r = [
    {file = "m2r-0.2.1.tar.gz", hash = "sha256:bf90bad66cda1164b17e5ba4a037806d2443f2a4d5ddc9f6a5554a0322aaed99"},
]
markupsafe = [
    {file = "MarkupSafe-1.1.1-cp27-cp27m-macosx_10_6_intel.whl", hash = "sha256:09027a7803a62ca78792ad89403b1b7a73a01c8cb65909cd876f7fcebd79b161"},
    {file = "MarkupSafe-1.1.1-cp27-cp27m-manylinux1_i686.whl", hash = "sha256:e249096428b3ae81b08327a63a485ad0878de3fb939049038579ac0ef61e17e7"},
    {file = "MarkupSafe-1.1.1-cp27-cp27m-manylinux1_x86_64.whl", hash = "sha256:500d4957e52ddc3351cabf489e79c91c17f6e0899158447047588650b5e69183"},
    {file = "MarkupSafe-1.1.1-cp27-cp27m-win32.whl", hash = "sha256:b2051432115498d3562c084a49bba65d97cf251f5a331c64a12ee7e04dacc51b"},
    {file = "MarkupSafe-1.1.1-cp27-cp27m-win_amd64.whl", hash = "sha256:98c7086708b163d425c67c7a91bad6e466bb99d797aa64f965e9d25c12111a5e"},
    {file = "MarkupSafe-1.1.1-cp27-cp27mu-manylinux1_i686.whl", hash = "sha256:cd5df75523866410809ca100dc9681e301e3c27567cf498077e8551b6d20e42f"},
    {file = "MarkupSafe-1.1.1-cp27-cp27mu-manylinux1_x86_64.whl", hash = "sha256:43a55c2930bbc139570ac2452adf3d70cdbb3cfe5912c71cdce1c2c6bbd9c5d1"},
    {file = "MarkupSafe-1.1.1-cp34-cp34m-macosx_10_6_intel.whl", hash = "sha256:1027c282dad077d0bae18be6794e6b6b8c91d58ed8a8d89a89d59693b9131db5"},
    {file = "MarkupSafe-1.1.1-cp34-cp34m-manylinux1_i686.whl", hash = "sha256:62fe6c95e3ec8a7fad637b7f3d372c15ec1caa01ab47926cfdf7a75b40e0eac1"},
    {file = "MarkupSafe-1.1.1-cp34-cp34m-manylinux1_x86_64.whl", hash = "sha256:88e5fcfb52ee7b911e8bb6d6aa2fd21fbecc674eadd44118a9cc3863f938e735"},
    {file = "MarkupSafe-1.1.1-cp34-cp34m-win32.whl", hash = "sha256:ade5e387d2ad0d7ebf59146cc00c8044acbd863725f887353a10df825fc8ae21"},
    {file = "MarkupSafe-1.1.1-cp34-cp34m-win_amd64.whl", hash = "sha256:09c4b7f37d6c648cb13f9230d847adf22f8171b1ccc4d5682398e77f40309235"},
    {file = "MarkupSafe-1.1.1-cp35-cp35m-macosx_10_6_intel.whl", hash = "sha256:79855e1c5b8da654cf486b830bd42c06e8780cea587384cf6545b7d9ac013a0b"},
    {file = "MarkupSafe-1.1.1-cp35-cp35m-manylinux1_i686.whl", hash = "sha256:c8716a48d94b06bb3b2524c2b77e055fb313aeb4ea620c8dd03a105574ba704f"},
    {file = "MarkupSafe-1.1.1-cp35-cp35m-manylinux1_x86_64.whl", hash = "sha256:7c1699dfe0cf8ff607dbdcc1e9b9af1755371f92a68f706051cc8c37d447c905"},
    {file = "MarkupSafe-1.1.1-cp35-cp35m-win32.whl", hash = "sha256:6dd73240d2af64df90aa7c4e7481e23825ea70af4b4922f8ede5b9e35f78a3b1"},
    {file = "MarkupSafe-1.1.1-cp35-cp35m-win_amd64.whl", hash = "sha256:9add70b36c5666a2ed02b43b335fe19002ee5235efd4b8a89bfcf9005bebac0d"},
    {file = "MarkupSafe-1.1.1-cp36-cp36m-macosx_10_6_intel.whl", hash = "sha256:24982cc2533820871eba85ba648cd53d8623687ff11cbb805be4ff7b4c971aff"},
    {file = "MarkupSafe-1.1.1-cp36-cp36m-manylinux1_i686.whl", hash = "sha256:00bc623926325b26bb9605ae9eae8a215691f33cae5df11ca5424f06f2d1f473"},
    {file = "MarkupSafe-1.1.1-cp36-cp36m-manylinux1_x86_64.whl", hash = "sha256:717ba8fe3ae9cc0006d7c451f0bb265ee07739daf76355d06366154ee68d221e"},
    {file = "MarkupSafe-1.1.1-cp36-cp36m-win32.whl", hash = "sha256:535f6fc4d397c1563d08b88e485c3496cf5784e927af890fb3c3aac7f933ec66"},
    {file = "MarkupSafe-1.1.1-cp36-cp36m-win_amd64.whl", hash = "sha256:b1282f8c00509d99fef04d8ba936b156d419be841854fe901d8ae224c59f0be5"},
    {file = "MarkupSafe-1.1.1-cp37-cp37m-macosx_10_6_intel.whl", hash = "sha256:8defac2f2ccd6805ebf65f5eeb132adcf2ab57aa11fdf4c0dd5169a004710e7d"},
    {file = "MarkupSafe-1.1.1-cp37-cp37m-manylinux1_i686.whl", hash = "sha256:46c99d2de99945ec5cb54f23c8cd5689f6d7177305ebff350a58ce5f8de1669e"},
    {file = "MarkupSafe-1.1.1-cp37-cp37m-manylinux1_x86_64.whl", hash = "sha256:ba59edeaa2fc6114428f1637ffff42da1e311e29382d81b339c1817d37ec93c6"},
    {file = "MarkupSafe-1.1.1-cp37-cp37m-win32.whl", hash = "sha256:b00c1de48212e4cc9603895652c5c410df699856a2853135b3967591e4beebc2"},
    {file = "MarkupSafe-1.1.1-cp37-cp37m-win_amd64.whl", hash = "sha256:9bf40443012702a1d2070043cb6291650a0841ece432556f784f004937f0f32c"},
    {file = "MarkupSafe-1.1.1-cp38-cp38-macosx_10_9_x86_64.whl", hash = "sha256:6788b695d50a51edb699cb55e35487e430fa21f1ed838122d722e0ff0ac5ba15"},
    {file = "MarkupSafe-1.1.1-cp38-cp38-manylinux1_i686.whl", hash = "sha256:cdb132fc825c38e1aeec2c8aa9338310d29d337bebbd7baa06889d09a60a1fa2"},
    {file = "MarkupSafe-1.1.1-cp38-cp38-manylinux1_x86_64.whl", hash = "sha256:13d3144e1e340870b25e7b10b98d779608c02016d5184cfb9927a9f10c689f42"},
    {file = "MarkupSafe-1.1.1-cp38-cp38-win32.whl", hash = "sha256:596510de112c685489095da617b5bcbbac7dd6384aeebeda4df6025d0256a81b"},
    {file = "MarkupSafe-1.1.1-cp38-cp38-win_amd64.whl", hash = "sha256:e8313f01ba26fbbe36c7be1966a7b7424942f670f38e666995b88d012765b9be"},
    {file = "MarkupSafe-1.1.1.tar.gz", hash = "sha256:29872e92839765e546828bb7754a68c418d927cd064fd4708fab9fe9c8bb116b"},
]
mistune = [
    {file = "mistune-0.8.4-py2.py3-none-any.whl", hash = "sha256:88a1051873018da288eee8538d476dffe1262495144b33ecb586c4ab266bb8d4"},
    {file = "mistune-0.8.4.tar.gz", hash = "sha256:59a3429db53c50b5c6bcc8a07f8848cb00d7dc8bdb431a4ab41920d201d4756e"},
]
multidict = [
    {file = "multidict-3.3.1-cp34-cp34m-macosx_10_10_x86_64.whl", hash = "sha256:4a328b216e324e15abc1735f513dd345a31e8b2d09e6f0e4a34000f1e963d85b"},
    {file = "multidict-3.3.1-cp34-cp34m-macosx_10_11_x86_64.whl", hash = "sha256:2034bde19e67907bf554e4612e2de34be93c43ab21d4ae47279824f3525c40fd"},
    {file = "multidict-3.3.1-cp34-cp34m-macosx_10_12_x86_64.whl", hash = "sha256:d1d2f4d02e346bfdac911e1c105438e6405bf4f5f847f047c573ce071818f9f0"},
    {file = "multidict-3.3.1-cp34-cp34m-manylinux1_i686.whl", hash = "sha256:15b5ce5320eacad3ddd98c3437f696c6059fa2a0c5312727338fd2f9046aab0a"},
    {file = "multidict-3.3.1-cp34-cp34m-manylinux1_x86_64.whl", hash = "sha256:25ddd2a5ca2c4e3c234d4b702be70a60561a1efadad63b6890c30a87c5536b84"},
    {file = "multidict-3.3.1-cp34-cp34m-win32.whl", hash = "sha256:109b0f531d8a6071b6a109a6fc762baeaddad4a38c8abb3d5a69b90b909f4f6c"},
    {file = "multidict-3.3.1-cp34-cp34m-win_amd64.whl", hash = "sha256:653a8cdfd950d85e683d359a92b12bb901127e2c5649adb2b992d356056adae3"},
    {file = "multidict-3.3.1-cp35-cp35m-macosx_10_10_x86_64.whl", hash = "sha256:fbcdaf438ab63851dad8bdc85f137b4101ad0a1e8a18919ebf88eaacdbda2f5f"},
    {file = "multidict-3.3.1-cp35-cp35m-macosx_10_11_x86_64.whl", hash = "sha256:8085768567f1b17714cf8d7b7ff4f991b9eb03a56c1e5e3e5a7f9043cb4dab52"},
    {file = "multidict-3.3.1-cp35-cp35m-macosx_10_12_x86_64.whl", hash = "sha256:f44cf3d40a6a26aa2ce3e3ecabeb5459fd4c29becff064e6e546fff8cfde7e78"},
    {file = "multidict-3.3.1-cp35-cp35m-manylinux1_i686.whl", hash = "sha256:b3b84c79d8cb8db525971e0c489d91fb3cbc30ff8195df8ff281c8c02b9faca0"},
    {file = "multidict-3.3.1-cp35-cp35m-manylinux1_x86_64.whl", hash = "sha256:d398fcda80b8a4509cc56f48208ff748694cfcfe66c0fec0dced8aa725500991"},
    {file = "multidict-3.3.1-cp35-cp35m-win32.whl", hash = "sha256:ba2cd5528c46d10e0405340bab8add78cde1afff9a5f7c04fd3d6da6105b5a54"},
    {file = "multidict-3.3.1-cp35-cp35m-win_amd64.whl", hash = "sha256:ed1b732c912b9ed625822a33ac4a7f2411bfaa0fac40a08cdbc90bbbe943f5bb"},
    {file = "multidict-3.3.1-cp36-cp36m-macosx_10_10_x86_64.whl", hash = "sha256:33c2c4016e6caf9dfbb4cc821944f11711dd1d1ab54fbc49a2a06f491b8f8dea"},
    {file = "multidict-3.3.1-cp36-cp36m-macosx_10_11_x86_64.whl", hash = "sha256:e1af9a3fd26cabe5eab6acd193658fd44ac08701951eaa2f58d2f5e2b2a28e24"},
    {file = "multidict-3.3.1-cp36-cp36m-macosx_10_12_x86_64.whl", hash = "sha256:fa9166ad83f990c9c4a8aaf438017f8ece3d4d82a93167283d5aae3460bcdeb9"},
    {file = "multidict-3.3.1-cp36-cp36m-manylinux1_i686.whl", hash = "sha256:1f311908a749f341c3b0adb348231a4530f054c5cec28935dcfda5f9c93937be"},
    {file = "multidict-3.3.1-cp36-cp36m-manylinux1_x86_64.whl", hash = "sha256:35c72678176d8ffe736f85fc0fe2c6241fde79cb2ef765de67a940706f4ab7be"},
    {file = "multidict-3.3.1-cp36-cp36m-win32.whl", hash = "sha256:630032d10e11df92d53acafb07985967fbd32f634c9ca0b3d81807c24711426b"},
    {file = "multidict-3.3.1-cp36-cp36m-win_amd64.whl", hash = "sha256:4d6ab5a9bb5a50dbec6af871e565fd77ba38609bb6075787d9f50039549f2e5a"},
    {file = "multidict-3.3.1.tar.gz", hash = "sha256:c926066aab40f2cdc834f481f6ada0b1a4fdb486565182dfe3ce7679d52d125a"},
]
packaging = [
    {file = "packaging-20.9-py2.py3-none-any.whl", hash = "sha256:67714da7f7bc052e064859c05c595155bd1ee9f69f76557e21f051443c20947a"},
    {file = "packaging-20.9.tar.gz", hash = "sha256:5b327ac1320dc863dca72f4514ecc086f31186744b84a230374cc1fd776feae5"},
]
pexpect = [
    {file = "pexpect-4.8.0-py2.py3-none-any.whl", hash = "sha256:0b48a55dcb3c05f3329815901ea4fc1537514d6ba867a152b581d69ae3710937"},
    {file = "pexpect-4.8.0.tar.gz", hash = "sha256:fc65a43959d153d0114afe13997d439c22823a27cefceb5ff35c2178c6784c0c"},
]
pluggy = [
    {file = "pluggy-0.13.1-py2.py3-none-any.whl", hash = "sha256:966c145cd83c96502c3c3868f50408687b38434af77734af1e9ca461a4081d2d"},
    {file = "pluggy-0.13.1.tar.gz", hash = "sha256:15b2acde666561e1298d71b523007ed7364de07029219b604cf808bfa1c765b0"},
]
ptyprocess = [
    {file = "ptyprocess-0.7.0-py2.py3-none-any.whl", hash = "sha256:4b41f3967fce3af57cc7e94b888626c18bf37a083e3651ca8feeb66d492fef35"},
    {file = "ptyprocess-0.7.0.tar.gz", hash = "sha256:5c5d0a3b48ceee0b48485e0c26037c0acd7d29765ca3fbb5cb3831d347423220"},
]
py = [
    {file = "py-1.10.0-py2.py3-none-any.whl", hash = "sha256:3b80836aa6d1feeaa108e046da6423ab8f6ceda6468545ae8d02d9d58d18818a"},
    {file = "py-1.10.0.tar.gz", hash = "sha256:21b81bda15b66ef5e1a777a21c4dcd9c20ad3efd0b3f817e7a809035269e1bd3"},
]
py2-ipaddress = [
    {file = "py2-ipaddress-3.4.2.tar.gz", hash = "sha256:097a2631ab0ac33425babbdc901ae671fb0d56932ebad748ee245ba6d64ad14c"},
]
pyparsing = [
    {file = "pyparsing-2.4.7-py2.py3-none-any.whl", hash = "sha256:ef9d7589ef3c200abe66653d3f1ab1033c3c419ae9b9bdb1240a85b024efc88b"},
    {file = "pyparsing-2.4.7.tar.gz", hash = "sha256:c203ec8783bf771a155b207279b9bccb8dea02d8f0c9e5f8ead507bc3246ecc1"},
]
pyroute2 = [
    {file = "pyroute2-0.5.14.tar.gz", hash = "sha256:774c5ecf05fe40f0f601a7ab33c19ca0b24f00bf4a094e58deaa5333b7ca49b5"},
]
pytest = [
    {file = "pytest-6.2.2-py3-none-any.whl", hash = "sha256:b574b57423e818210672e07ca1fa90aaf194a4f63f3ab909a2c67ebb22913839"},
    {file = "pytest-6.2.2.tar.gz", hash = "sha256:9d1edf9e7d0b84d72ea3dbcdfd22b35fb543a5e8f2a60092dd578936bf63d7f9"},
]
requests = [
    {file = "requests-2.25.1-py2.py3-none-any.whl", hash = "sha256:c210084e36a42ae6b9219e00e48287def368a26d03a048ddad7bfee44f75871e"},
    {file = "requests-2.25.1.tar.gz", hash = "sha256:27973dd4a904a4f13b263a19c866c13b92a39ed1c964655f025f3f8d3d75b804"},
]
"ruamel.ordereddict" = [
    {file = "ruamel.ordereddict-0.4.15-cp27-cp27m-manylinux1_x86_64.whl", hash = "sha256:c282d5ed0dc5877c5c50b57c781fc6ab19cccd59d19bd6cd5c55a692648b9b51"},
    {file = "ruamel.ordereddict-0.4.15-cp27-cp27mu-manylinux1_x86_64.whl", hash = "sha256:33d06dc63374274f49eb1616e8c2f2e387a8da6dd59880285d69ab939d33cf98"},
    {file = "ruamel.ordereddict-0.4.15.tar.gz", hash = "sha256:d7d9cf8b11e7662deb460260cf062980cd84b87a1d0457132060ab9d44e0a5f4"},
]
"ruamel.yaml" = [
    {file = "ruamel.yaml-0.16.12-py2.py3-none-any.whl", hash = "sha256:012b9470a0ea06e4e44e99e7920277edf6b46eee0232a04487ea73a7386340a5"},
    {file = "ruamel.yaml-0.16.12.tar.gz", hash = "sha256:076cc0bc34f1966d920a49f18b52b6ad559fbe656a0748e3535cf7b3f29ebf9e"},
]
"ruamel.yaml.clib" = [
    {file = "ruamel.yaml.clib-0.2.2-cp27-cp27m-macosx_10_9_x86_64.whl", hash = "sha256:28116f204103cb3a108dfd37668f20abe6e3cafd0d3fd40dba126c732457b3cc"},
    {file = "ruamel.yaml.clib-0.2.2-cp27-cp27m-manylinux1_x86_64.whl", hash = "sha256:daf21aa33ee9b351f66deed30a3d450ab55c14242cfdfcd377798e2c0d25c9f1"},
    {file = "ruamel.yaml.clib-0.2.2-cp27-cp27m-win32.whl", hash = "sha256:30dca9bbcbb1cc858717438218d11eafb78666759e5094dd767468c0d577a7e7"},
    {file = "ruamel.yaml.clib-0.2.2-cp27-cp27m-win_amd64.whl", hash = "sha256:f6061a31880c1ed6b6ce341215336e2f3d0c1deccd84957b6fa8ca474b41e89f"},
    {file = "ruamel.yaml.clib-0.2.2-cp27-cp27mu-manylinux1_x86_64.whl", hash = "sha256:73b3d43e04cc4b228fa6fa5d796409ece6fcb53a6c270eb2048109cbcbc3b9c2"},
    {file = "ruamel.yaml.clib-0.2.2-cp35-cp35m-macosx_10_6_intel.whl", hash = "sha256:53b9dd1abd70e257a6e32f934ebc482dac5edb8c93e23deb663eac724c30b026"},
    {file = "ruamel.yaml.clib-0.2.2-cp35-cp35m-manylinux1_x86_64.whl", hash = "sha256:839dd72545ef7ba78fd2aa1a5dd07b33696adf3e68fae7f31327161c1093001b"},
    {file = "ruamel.yaml.clib-0.2.2-cp35-cp35m-win32.whl", hash = "sha256:b1e981fe1aff1fd11627f531524826a4dcc1f26c726235a52fcb62ded27d150f"},
    {file = "ruamel.yaml.clib-0.2.2-cp35-cp35m-win_amd64.whl", hash = "sha256:4e52c96ca66de04be42ea2278012a2342d89f5e82b4512fb6fb7134e377e2e62"},
    {file = "ruamel.yaml.clib-0.2.2-cp36-cp36m-macosx_10_9_x86_64.whl", hash = "sha256:a873e4d4954f865dcb60bdc4914af7eaae48fb56b60ed6daa1d6251c72f5337c"},
    {file = "ruamel.yaml.clib-0.2.2-cp36-cp36m-manylinux1_x86_64.whl", hash = "sha256:ab845f1f51f7eb750a78937be9f79baea4a42c7960f5a94dde34e69f3cce1988"},
    {file = "ruamel.yaml.clib-0.2.2-cp36-cp36m-win32.whl", hash = "sha256:e9f7d1d8c26a6a12c23421061f9022bb62704e38211fe375c645485f38df34a2"},
    {file = "ruamel.yaml.clib-0.2.2-cp36-cp36m-win_amd64.whl", hash = "sha256:2602e91bd5c1b874d6f93d3086f9830f3e907c543c7672cf293a97c3fabdcd91"},
    {file = "ruamel.yaml.clib-0.2.2-cp37-cp37m-macosx_10_9_x86_64.whl", hash = "sha256:44c7b0498c39f27795224438f1a6be6c5352f82cb887bc33d962c3a3acc00df6"},
    {file = "ruamel.yaml.clib-0.2.2-cp37-cp37m-manylinux1_x86_64.whl", hash = "sha256:8e8fd0a22c9d92af3a34f91e8a2594eeb35cba90ab643c5e0e643567dc8be43e"},
    {file = "ruamel.yaml.clib-0.2.2-cp37-cp37m-win32.whl", hash = "sha256:464e66a04e740d754170be5e740657a3b3b6d2bcc567f0c3437879a6e6087ff6"},
    {file = "ruamel.yaml.clib-0.2.2-cp37-cp37m-win_amd64.whl", hash = "sha256:52ae5739e4b5d6317b52f5b040b1b6639e8af68a5b8fd606a8b08658fbd0cab5"},
    {file = "ruamel.yaml.clib-0.2.2-cp38-cp38-macosx_10_9_x86_64.whl", hash = "sha256:4df5019e7783d14b79217ad9c56edf1ba7485d614ad5a385d1b3c768635c81c0"},
    {file = "ruamel.yaml.clib-0.2.2-cp38-cp38-manylinux1_x86_64.whl", hash = "sha256:5254af7d8bdf4d5484c089f929cb7f5bafa59b4f01d4f48adda4be41e6d29f99"},
    {file = "ruamel.yaml.clib-0.2.2-cp38-cp38-win32.whl", hash = "sha256:74161d827407f4db9072011adcfb825b5258a5ccb3d2cd518dd6c9edea9e30f1"},
    {file = "ruamel.yaml.clib-0.2.2-cp38-cp38-win_amd64.whl", hash = "sha256:058a1cc3df2a8aecc12f983a48bda99315cebf55a3b3a5463e37bb599b05727b"},
    {file = "ruamel.yaml.clib-0.2.2-cp39-cp39-macosx_10_9_x86_64.whl", hash = "sha256:c6ac7e45367b1317e56f1461719c853fd6825226f45b835df7436bb04031fd8a"},
    {file = "ruamel.yaml.clib-0.2.2-cp39-cp39-manylinux1_x86_64.whl", hash = "sha256:b4b0d31f2052b3f9f9b5327024dc629a253a83d8649d4734ca7f35b60ec3e9e5"},
    {file = "ruamel.yaml.clib-0.2.2.tar.gz", hash = "sha256:2d24bd98af676f4990c4d715bcdc2a60b19c56a3fb3a763164d2d8ca0e806ba7"},
]
shellingham = [
    {file = "shellingham-1.4.0-py2.py3-none-any.whl", hash = "sha256:536b67a0697f2e4af32ab176c00a50ac2899c5a05e0d8e2dadac8e58888283f9"},
    {file = "shellingham-1.4.0.tar.gz", hash = "sha256:4855c2458d6904829bd34c299f11fdeed7cfefbf8a2c522e4caea6cd76b3171e"},
]
toml = [
    {file = "toml-0.10.2-py2.py3-none-any.whl", hash = "sha256:806143ae5bfb6a3c6e736a764057db0e6a0e05e338b5630894a5f779cabb4f9b"},
    {file = "toml-0.10.2.tar.gz", hash = "sha256:b3bda1d108d5dd99f4a20d24d9c348e91c4db7ab1b749200bded2f839ccbe68f"},
]
tomlkit = [
    {file = "tomlkit-0.7.0-py2.py3-none-any.whl", hash = "sha256:6babbd33b17d5c9691896b0e68159215a9387ebfa938aa3ac42f4a4beeb2b831"},
    {file = "tomlkit-0.7.0.tar.gz", hash = "sha256:ac57f29693fab3e309ea789252fcce3061e19110085aa31af5446ca749325618"},
]
typing = [
    {file = "typing-3.7.4.3-py2-none-any.whl", hash = "sha256:283d868f5071ab9ad873e5e52268d611e851c870a2ba354193026f2dfb29d8b5"},
    {file = "typing-3.7.4.3.tar.gz", hash = "sha256:1187fb9c82fd670d10aa07bbb6cfcfe4bdda42d6fab8d5134f04e8c4d0b71cc9"},
]
typing-extensions = [
    {file = "typing_extensions-3.7.4.3-py2-none-any.whl", hash = "sha256:dafc7639cde7f1b6e1acc0f457842a83e722ccca8eef5270af2d74792619a89f"},
    {file = "typing_extensions-3.7.4.3-py3-none-any.whl", hash = "sha256:7cb407020f00f7bfc3cb3e7881628838e69d8f3fcab2f64742a5e76b2f841918"},
    {file = "typing_extensions-3.7.4.3.tar.gz", hash = "sha256:99d4073b617d30288f569d3f13d2bd7548c3a7e4c8de87db09a9d29bb3a4a60c"},
]
urllib3 = [
    {file = "urllib3-1.22-py2.py3-none-any.whl", hash = "sha256:06330f386d6e4b195fbfc736b297f58c5a892e4440e54d294d7004e3a9bbea1b"},
    {file = "urllib3-1.22.tar.gz", hash = "sha256:cc44da8e1145637334317feebd728bd869a35285b93cbb4cca2577da7e62db4f"},
]
win-inet-pton = [
    {file = "win_inet_pton-1.1.0-py2.py3-none-any.whl", hash = "sha256:eaf0193cbe7152ac313598a0da7313fb479f769343c0c16c5308f64887dc885b"},
    {file = "win_inet_pton-1.1.0.tar.gz", hash = "sha256:dd03d942c0d3e2b1cf8bab511844546dfa5f74cb61b241699fa379ad707dea4f"},
]
yarl = [
    {file = "yarl-0.18.0-cp34-cp34m-manylinux1_i686.whl", hash = "sha256:beeefbe0edd47fc8b657bf7bf44791f7a6e5b14f3de1846daf999687cb68c156"},
    {file = "yarl-0.18.0-cp34-cp34m-manylinux1_x86_64.whl", hash = "sha256:885e40812ff9fc80e6f28ef04ad6396e3ae583ab504b1a76301fdcec7fc9f30f"},
    {file = "yarl-0.18.0-cp34-cp34m-win32.whl", hash = "sha256:fe0390a29b5c7e90975feefe863e3d3a851be546bd797b23f338d24a15efa920"},
    {file = "yarl-0.18.0-cp34-cp34m-win_amd64.whl", hash = "sha256:e1da2853a92fbc7e2d0248bbfa931cd621121e70ce6dda7c1eeef3516d51b46c"},
    {file = "yarl-0.18.0-cp35-cp35m-manylinux1_i686.whl", hash = "sha256:d07d3dc6849345b7437dc58ea49ad2a1960017386d86288550728ca38e482ddc"},
    {file = "yarl-0.18.0-cp35-cp35m-manylinux1_x86_64.whl", hash = "sha256:cf6a3d6fd3e79d3457d520c12d5d18b030d5ca5d0b205ca6481857804d8d944d"},
    {file = "yarl-0.18.0-cp35-cp35m-win32.whl", hash = "sha256:837d866a70f1ea03005914a740bddea89a253afabd6589db981b91738768bd25"},
    {file = "yarl-0.18.0-cp35-cp35m-win_amd64.whl", hash = "sha256:d81e45bedefccb97e4e8f7d32cfae0af1d9eadd1ae795fc420c8319c3dab2a28"},
    {file = "yarl-0.18.0-cp36-cp36m-manylinux1_i686.whl", hash = "sha256:605480ee43eead69ec8e8c52cdfefc79cef6379cc0e87d908cf290408c1e49af"},
    {file = "yarl-0.18.0-cp36-cp36m-manylinux1_x86_64.whl", hash = "sha256:f1201de3e93fb1efc3111c8928d9366875edefd65d77c0f6b847fe299e8e1122"},
    {file = "yarl-0.18.0-cp36-cp36m-win32.whl", hash = "sha256:a5457e075eab1170141774a8c69906c223ea0088eaebd6ef91b04b33527fa905"},
    {file = "yarl-0.18.0-cp36-cp36m-win_amd64.whl", hash = "sha256:7fad2530cb4ddf2b74c1e4f6f9f0e28eac482094c6542f98fd71ecf67fb4fded"},
    {file = "yarl-0.18.0.tar.gz", hash = "sha256:baa0d3f7982fa0c03a55433109c405e79a597141f2e2d6ee7e16c03eabd74886"},
]
yaspin = [
    {file = "yaspin-1.3.0-py2.py3-none-any.whl", hash = "sha256:3b84b4c506271b638e6b09b9cb3ffe9a5c2aef0bb19ce9128cdd9be936c8d8ba"},
    {file = "yaspin-1.3.0.tar.gz", hash = "sha256:cc37d35cc7f796dada6c37430b49e471ffa05d0686e6f8de36f83978b732df54"},
]
zipp = [
    {file = "zipp-3.4.0-py3-none-any.whl", hash = "sha256:102c24ef8f171fd729d46599845e95c7ab894a4cf45f5de11a44cc7444fb1108"},
    {file = "zipp-3.4.0.tar.gz", hash = "sha256:ed5eee1974372595f9e416cc7bbeeb12335201d8081ca8a0743c954d4446e5cb"},
]
